
Microsoft Visual Studio Solution File, Format Version 12.00
# Visual Studio Version 17
VisualStudioVersion = 17.9.34728.123
MinimumVisualStudioVersion = 10.0.40219.1
Project("{9A19103F-16F7-4668-BE54-9A1E7A4F7556}") = "Fleet-Manegment-System", "Fleet-Manegment-System\Fleet-Manegment-System.csproj", "{43D97BD5-3617-4EE9-8631-59E836EE2609}"
EndProject
Project("{9A19103F-16F7-4668-BE54-9A1E7A4F7556}") = "FMS_test", "FMS_test\FMS_test.csproj", "{810D2285-653B-4EEB-B79E-C0E4C0E95956}"
EndProject
Project("{9A19103F-16F7-4668-BE54-9A1E7A4F7556}") = "MyConsoleApp", "MyConsoleApp\MyConsoleApp.csproj", "{DD2B9C9F-6D72-4EF2-AAEE-71AA3352C545}"
EndProject
Project("{54A90642-561A-4BB1-A94E-469ADEE60C69}") = "ClientSide", "ClientSide\ClientSide.esproj", "{AF5C817F-3738-4830-BE73-81D34F77AAAD}"
EndProject
Global
	GlobalSection(SolutionConfigurationPlatforms) = preSolution
		Debug|Any CPU = Debug|Any CPU
		Release|Any CPU = Release|Any CPU
	EndGlobalSection
	GlobalSection(ProjectConfigurationPlatforms) = postSolution
		{43D97BD5-3617-4EE9-8631-59E836EE2609}.Debug|Any CPU.ActiveCfg = Debug|Any CPU
		{43D97BD5-3617-4EE9-8631-59E836EE2609}.Debug|Any CPU.Build.0 = Debug|Any CPU
		{43D97BD5-3617-4EE9-8631-59E836EE2609}.Release|Any CPU.ActiveCfg = Release|Any CPU
		{43D97BD5-3617-4EE9-8631-59E836EE2609}.Release|Any CPU.Build.0 = Release|Any CPU
		{810D2285-653B-4EEB-B79E-C0E4C0E95956}.Debug|Any CPU.ActiveCfg = Debug|Any CPU
		{810D2285-653B-4EEB-B79E-C0E4C0E95956}.Debug|Any CPU.Build.0 = Debug|Any CPU
		{810D2285-653B-4EEB-B79E-C0E4C0E95956}.Release|Any CPU.ActiveCfg = Release|Any CPU
		{810D2285-653B-4EEB-B79E-C0E4C0E95956}.Release|Any CPU.Build.0 = Release|Any CPU
		{DD2B9C9F-6D72-4EF2-AAEE-71AA3352C545}.Debug|Any CPU.ActiveCfg = Debug|Any CPU
		{DD2B9C9F-6D72-4EF2-AAEE-71AA3352C545}.Debug|Any CPU.Build.0 = Debug|Any CPU
		{DD2B9C9F-6D72-4EF2-AAEE-71AA3352C545}.Release|Any CPU.ActiveCfg = Release|Any CPU
		{DD2B9C9F-6D72-4EF2-AAEE-71AA3352C545}.Release|Any CPU.Build.0 = Release|Any CPU
		{AF5C817F-3738-4830-BE73-81D34F77AAAD}.Debug|Any CPU.ActiveCfg = Debug|Any CPU
		{AF5C817F-3738-4830-BE73-81D34F77AAAD}.Debug|Any CPU.Build.0 = Debug|Any CPU
		{AF5C817F-3738-4830-BE73-81D34F77AAAD}.Debug|Any CPU.Deploy.0 = Debug|Any CPU
		{AF5C817F-3738-4830-BE73-81D34F77AAAD}.Release|Any CPU.ActiveCfg = Release|Any CPU
		{AF5C817F-3738-4830-BE73-81D34F77AAAD}.Release|Any CPU.Build.0 = Release|Any CPU
		{AF5C817F-3738-4830-BE73-81D34F77AAAD}.Release|Any CPU.Deploy.0 = Release|Any CPU
	EndGlobalSection
	GlobalSection(SolutionProperties) = preSolution
		HideSolutionNode = FALSE
	EndGlobalSection
	GlobalSection(ExtensibilityGlobals) = postSolution
		SolutionGuid = {D4C62DB2-32B8-473A-ABB1-BA5CE85696F3}
	EndGlobalSection
EndGlobal
